{
    "_readme": [
        "This file locks the dependencies of your project to a known state",
        "Read more about it at https://getcomposer.org/doc/01-basic-usage.md#composer-lock-the-lock-file",
        "This file is @generated automatically"
    ],
    "content-hash": "dd84df5c8daffea99ec1ed374b37cd48",
    "packages": [
        {
            "name": "gregwar/cache",
            "version": "v1.0.12",
            "target-dir": "Gregwar/Cache",
            "source": {
                "type": "git",
                "url": "https://github.com/Gregwar/Cache.git",
                "reference": "305d0f5a12c0beecbbd7e1de236f59f39e0c0ac3"
            },
            "dist": {
                "type": "zip",
                "url": "https://api.github.com/repos/Gregwar/Cache/zipball/305d0f5a12c0beecbbd7e1de236f59f39e0c0ac3",
                "reference": "305d0f5a12c0beecbbd7e1de236f59f39e0c0ac3",
                "shasum": ""
            },
            "require": {
                "php": ">=5.3"
            },
            "type": "library",
            "autoload": {
                "psr-0": {
                    "Gregwar\\Cache": ""
                }
            },
            "notification-url": "https://packagist.org/downloads/",
            "license": [
                "MIT"
            ],
            "authors": [
                {
                    "name": "Gregwar",
                    "email": "g.passault@gmail.com"
                }
            ],
            "description": "A lightweight file-system cache system",
            "keywords": [
                "cache",
                "caching",
                "file-system",
                "system"
            ],
            "time": "2016-09-23T08:16:04+00:00"
        },
        {
            "name": "lukesnowden/google-shopping-feed",
            "version": "dev-master",
            "source": {
                "type": "git",
                "url": "https://github.com/lukesnowden/google-shopping-feed.git",
                "reference": "2313d42ee9e4db7226396a3350063ddae1ec5fcf"
            },
            "dist": {
                "type": "zip",
                "url": "https://api.github.com/repos/lukesnowden/google-shopping-feed/zipball/2313d42ee9e4db7226396a3350063ddae1ec5fcf",
                "reference": "2313d42ee9e4db7226396a3350063ddae1ec5fcf",
                "shasum": ""
            },
            "require": {
                "gregwar/cache": "1.0.*",
                "php": ">=5.3.0"
            },
            "type": "library",
            "autoload": {
                "psr-0": {
                    "LukeSnowden\\GoogleShoppingFeed": "src/"
                }
            },
            "notification-url": "https://packagist.org/downloads/",
            "license": [
                "MIT"
            ],
            "authors": [
                {
                    "name": "Luke Snowden",
                    "email": "luke@sno.wden.co.uk"
                }
            ],
            "description": "Google Shopping Feed API",
            "homepage": "https://github.com/lukesnowden/google-shopping-feed",
            "keywords": [
                "Google Shopping Feed",
                "api",
                "feed",
                "google",
                "shopping"
            ],
            "time": "2018-04-06T08:58:40+00:00"
        }
    ],
    "packages-dev": [],
    "aliases": [],
    "minimum-stability": "stable",
    "stability-flags": {
        "lukesnowden/google-shopping-feed": 20
    },
    "prefer-stable": false,
    "prefer-lowest": false,
    "platform": [],
    "platform-dev": []
}
